// !$*UTF8*$!
{
	archiveVersion = 1;
	classes = {
	};
	objectVersion = 48;
	objects = {

/* Begin PBXBuildFile section */
		0406D8A220357F780087D5BC /* UIViewExtensions.swift in Sources */ = {isa = PBXBuildFile; fileRef = 0406D8A120357F770087D5BC /* UIViewExtensions.swift */; };
		041A92642063BD5A00E3EA92 /* data+entry.swift in Sources */ = {isa = PBXBuildFile; fileRef = 041A92632063BD5A00E3EA92 /* data+entry.swift */; };
		043E1F812033CB7F00455B26 /* output.gif in Resources */ = {isa = PBXBuildFile; fileRef = 043E1F802033CB7E00455B26 /* output.gif */; };
		043E1F8320343C4300455B26 /* swift+gif.swift in Sources */ = {isa = PBXBuildFile; fileRef = 043E1F8220343C4300455B26 /* swift+gif.swift */; };
		170D74FC202396BD0026E232 /* GalleryViewController.swift in Sources */ = {isa = PBXBuildFile; fileRef = 170D74FB202396BD0026E232 /* GalleryViewController.swift */; };
		175B1B7A206C0E830046A81D /* TimelineItem.swift in Sources */ = {isa = PBXBuildFile; fileRef = 175B1B75206C0E820046A81D /* TimelineItem.swift */; };
		175B1B7B206C0E830046A81D /* TextContent.swift in Sources */ = {isa = PBXBuildFile; fileRef = 175B1B76206C0E820046A81D /* TextContent.swift */; };
		175B1B7C206C0E830046A81D /* TimelineTableViewController.swift in Sources */ = {isa = PBXBuildFile; fileRef = 175B1B77206C0E820046A81D /* TimelineTableViewController.swift */; };
		175B1B7D206C0E830046A81D /* TimelineItemTableViewCell.swift in Sources */ = {isa = PBXBuildFile; fileRef = 175B1B78206C0E820046A81D /* TimelineItemTableViewCell.swift */; };
		178847921FE255AD00916C4D /* AppDelegate.swift in Sources */ = {isa = PBXBuildFile; fileRef = 178847911FE255AD00916C4D /* AppDelegate.swift */; };
		178847941FE255AD00916C4D /* BonusViewController.swift in Sources */ = {isa = PBXBuildFile; fileRef = 178847931FE255AD00916C4D /* BonusViewController.swift */; };
		178847971FE255AD00916C4D /* Main.storyboard in Resources */ = {isa = PBXBuildFile; fileRef = 178847951FE255AD00916C4D /* Main.storyboard */; };
		178847991FE255AD00916C4D /* Assets.xcassets in Resources */ = {isa = PBXBuildFile; fileRef = 178847981FE255AD00916C4D /* Assets.xcassets */; };
		1788479C1FE255AD00916C4D /* LaunchScreen.storyboard in Resources */ = {isa = PBXBuildFile; fileRef = 1788479A1FE255AD00916C4D /* LaunchScreen.storyboard */; };
		178847A61FE25BDA00916C4D /* HomeViewController.swift in Sources */ = {isa = PBXBuildFile; fileRef = 178847A51FE25BDA00916C4D /* HomeViewController.swift */; };
		17C34E42205A490B00712D00 /* LoadingViewController.swift in Sources */ = {isa = PBXBuildFile; fileRef = 17C34E41205A490B00712D00 /* LoadingViewController.swift */; };
		42164ECB206C24BC00E2BCD2 /* ModalViewController.swift in Sources */ = {isa = PBXBuildFile; fileRef = 42164ECA206C24BC00E2BCD2 /* ModalViewController.swift */; };
		424B94DB20717C2300739FF1 /* TriviaInitViewController.swift in Sources */ = {isa = PBXBuildFile; fileRef = 424B94DA20717C2300739FF1 /* TriviaInitViewController.swift */; };
		424B94DD2071933B00739FF1 /* TriviaExitViewController.swift in Sources */ = {isa = PBXBuildFile; fileRef = 424B94DC2071933B00739FF1 /* TriviaExitViewController.swift */; };
		424B94DF2071950700739FF1 /* TriviaProfileViewController.swift in Sources */ = {isa = PBXBuildFile; fileRef = 424B94DE2071950700739FF1 /* TriviaProfileViewController.swift */; };
		42F8ADE92063154600809E0F /* RobotoMono-Regular.ttf in Resources */ = {isa = PBXBuildFile; fileRef = 42F8ADE82063154600809E0F /* RobotoMono-Regular.ttf */; };
		4ACB6C32F9D0DB70D77DAAB0 /* Pods_Psyche.framework in Frameworks */ = {isa = PBXBuildFile; fileRef = EE854616BEDDF09064D09BA5 /* Pods_Psyche.framework */; };
/* End PBXBuildFile section */

/* Begin PBXFileReference section */
		0406D8A120357F770087D5BC /* UIViewExtensions.swift */ = {isa = PBXFileReference; lastKnownFileType = sourcecode.swift; path = UIViewExtensions.swift; sourceTree = "<group>"; };
		041A92632063BD5A00E3EA92 /* data+entry.swift */ = {isa = PBXFileReference; lastKnownFileType = sourcecode.swift; path = "data+entry.swift"; sourceTree = "<group>"; };
		043E1F802033CB7E00455B26 /* output.gif */ = {isa = PBXFileReference; lastKnownFileType = image.gif; path = output.gif; sourceTree = SOURCE_ROOT; };
		043E1F8220343C4300455B26 /* swift+gif.swift */ = {isa = PBXFileReference; lastKnownFileType = sourcecode.swift; path = "swift+gif.swift"; sourceTree = "<group>"; };
		170D74FB202396BD0026E232 /* GalleryViewController.swift */ = {isa = PBXFileReference; lastKnownFileType = sourcecode.swift; path = GalleryViewController.swift; sourceTree = "<group>"; };
		175B1B75206C0E820046A81D /* TimelineItem.swift */ = {isa = PBXFileReference; fileEncoding = 4; lastKnownFileType = sourcecode.swift; path = TimelineItem.swift; sourceTree = "<group>"; };
		175B1B76206C0E820046A81D /* TextContent.swift */ = {isa = PBXFileReference; fileEncoding = 4; lastKnownFileType = sourcecode.swift; path = TextContent.swift; sourceTree = "<group>"; };
		175B1B77206C0E820046A81D /* TimelineTableViewController.swift */ = {isa = PBXFileReference; fileEncoding = 4; lastKnownFileType = sourcecode.swift; path = TimelineTableViewController.swift; sourceTree = "<group>"; };
		175B1B78206C0E820046A81D /* TimelineItemTableViewCell.swift */ = {isa = PBXFileReference; fileEncoding = 4; lastKnownFileType = sourcecode.swift; path = TimelineItemTableViewCell.swift; sourceTree = "<group>"; };
		1788478E1FE255AD00916C4D /* Psyche.app */ = {isa = PBXFileReference; explicitFileType = wrapper.application; includeInIndex = 0; path = Psyche.app; sourceTree = BUILT_PRODUCTS_DIR; };
		178847911FE255AD00916C4D /* AppDelegate.swift */ = {isa = PBXFileReference; lastKnownFileType = sourcecode.swift; path = AppDelegate.swift; sourceTree = "<group>"; };
		178847931FE255AD00916C4D /* BonusViewController.swift */ = {isa = PBXFileReference; lastKnownFileType = sourcecode.swift; path = BonusViewController.swift; sourceTree = "<group>"; };
		178847961FE255AD00916C4D /* Base */ = {isa = PBXFileReference; lastKnownFileType = file.storyboard; name = Base; path = Base.lproj/Main.storyboard; sourceTree = "<group>"; };
		178847981FE255AD00916C4D /* Assets.xcassets */ = {isa = PBXFileReference; lastKnownFileType = folder.assetcatalog; path = Assets.xcassets; sourceTree = "<group>"; };
		1788479B1FE255AD00916C4D /* Base */ = {isa = PBXFileReference; lastKnownFileType = file.storyboard; name = Base; path = Base.lproj/LaunchScreen.storyboard; sourceTree = "<group>"; };
		1788479D1FE255AD00916C4D /* Info.plist */ = {isa = PBXFileReference; lastKnownFileType = text.plist.xml; path = Info.plist; sourceTree = "<group>"; };
		178847A51FE25BDA00916C4D /* HomeViewController.swift */ = {isa = PBXFileReference; lastKnownFileType = sourcecode.swift; path = HomeViewController.swift; sourceTree = "<group>"; };
		17C34E41205A490B00712D00 /* LoadingViewController.swift */ = {isa = PBXFileReference; lastKnownFileType = sourcecode.swift; path = LoadingViewController.swift; sourceTree = "<group>"; };
		42164EC9206C249600E2BCD2 /* Psyche-Bridging-Header.h */ = {isa = PBXFileReference; lastKnownFileType = sourcecode.c.h; path = "Psyche-Bridging-Header.h"; sourceTree = "<group>"; };
		42164ECA206C24BC00E2BCD2 /* ModalViewController.swift */ = {isa = PBXFileReference; lastKnownFileType = sourcecode.swift; path = ModalViewController.swift; sourceTree = "<group>"; };
		424B94DA20717C2300739FF1 /* TriviaInitViewController.swift */ = {isa = PBXFileReference; lastKnownFileType = sourcecode.swift; path = TriviaInitViewController.swift; sourceTree = "<group>"; };
		424B94DC2071933B00739FF1 /* TriviaExitViewController.swift */ = {isa = PBXFileReference; lastKnownFileType = sourcecode.swift; path = TriviaExitViewController.swift; sourceTree = "<group>"; };
		424B94DE2071950700739FF1 /* TriviaProfileViewController.swift */ = {isa = PBXFileReference; lastKnownFileType = sourcecode.swift; path = TriviaProfileViewController.swift; sourceTree = "<group>"; };
		42F8ADE82063154600809E0F /* RobotoMono-Regular.ttf */ = {isa = PBXFileReference; lastKnownFileType = file; path = "RobotoMono-Regular.ttf"; sourceTree = "<group>"; };
		47E261C9C69D5AF064A576FC /* Pods-Psyche.release.xcconfig */ = {isa = PBXFileReference; includeInIndex = 1; lastKnownFileType = text.xcconfig; name = "Pods-Psyche.release.xcconfig"; path = "Pods/Target Support Files/Pods-Psyche/Pods-Psyche.release.xcconfig"; sourceTree = "<group>"; };
		86917CA57DC723F27B804306 /* Pods-Psyche.debug.xcconfig */ = {isa = PBXFileReference; includeInIndex = 1; lastKnownFileType = text.xcconfig; name = "Pods-Psyche.debug.xcconfig"; path = "Pods/Target Support Files/Pods-Psyche/Pods-Psyche.debug.xcconfig"; sourceTree = "<group>"; };
		EE854616BEDDF09064D09BA5 /* Pods_Psyche.framework */ = {isa = PBXFileReference; explicitFileType = wrapper.framework; includeInIndex = 0; path = Pods_Psyche.framework; sourceTree = BUILT_PRODUCTS_DIR; };
/* End PBXFileReference section */

/* Begin PBXFrameworksBuildPhase section */
		1788478B1FE255AD00916C4D /* Frameworks */ = {
			isa = PBXFrameworksBuildPhase;
			buildActionMask = 2147483647;
			files = (
				4ACB6C32F9D0DB70D77DAAB0 /* Pods_Psyche.framework in Frameworks */,
			);
			runOnlyForDeploymentPostprocessing = 0;
		};
/* End PBXFrameworksBuildPhase section */

/* Begin PBXGroup section */
		178847851FE255AD00916C4D = {
			isa = PBXGroup;
			children = (
				178847901FE255AD00916C4D /* Psyche */,
				1788478F1FE255AD00916C4D /* Products */,
				EB6D03473893B8501298CBB1 /* Pods */,
				632FC3FEC3AFC3C1661A9C4A /* Frameworks */,
			);
			sourceTree = "<group>";
		};
		1788478F1FE255AD00916C4D /* Products */ = {
			isa = PBXGroup;
			children = (
				1788478E1FE255AD00916C4D /* Psyche.app */,
			);
			name = Products;
			sourceTree = "<group>";
		};
		178847901FE255AD00916C4D /* Psyche */ = {
			isa = PBXGroup;
			children = (
				424B94E02071AE3800739FF1 /* Trivia */,
				42F8ADE72063151E00809E0F /* fonts */,
				178847951FE255AD00916C4D /* Main.storyboard */,
				1788479A1FE255AD00916C4D /* LaunchScreen.storyboard */,
				175B1B76206C0E820046A81D /* TextContent.swift */,
				175B1B75206C0E820046A81D /* TimelineItem.swift */,
				175B1B78206C0E820046A81D /* TimelineItemTableViewCell.swift */,
				175B1B77206C0E820046A81D /* TimelineTableViewController.swift */,
				1788479D1FE255AD00916C4D /* Info.plist */,
				178847911FE255AD00916C4D /* AppDelegate.swift */,
				043E1F8220343C4300455B26 /* swift+gif.swift */,
				041A92632063BD5A00E3EA92 /* data+entry.swift */,
				0406D8A120357F770087D5BC /* UIViewExtensions.swift */,
				178847981FE255AD00916C4D /* Assets.xcassets */,
				178847A51FE25BDA00916C4D /* HomeViewController.swift */,
				170D74FB202396BD0026E232 /* GalleryViewController.swift */,
				178847931FE255AD00916C4D /* BonusViewController.swift */,
				17C34E41205A490B00712D00 /* LoadingViewController.swift */,
				043E1F802033CB7E00455B26 /* output.gif */,
				42164EC9206C249600E2BCD2 /* Psyche-Bridging-Header.h */,
				42164ECA206C24BC00E2BCD2 /* ModalViewController.swift */,
			);
			path = Psyche;
			sourceTree = "<group>";
		};
		424B94E02071AE3800739FF1 /* Trivia */ = {
			isa = PBXGroup;
			children = (
				424B94DA20717C2300739FF1 /* TriviaInitViewController.swift */,
				424B94DC2071933B00739FF1 /* TriviaExitViewController.swift */,
				424B94DE2071950700739FF1 /* TriviaProfileViewController.swift */,
			);
			path = Trivia;
			sourceTree = "<group>";
		};
		42F8ADE72063151E00809E0F /* fonts */ = {
			isa = PBXGroup;
			children = (
				42F8ADE82063154600809E0F /* RobotoMono-Regular.ttf */,
			);
			path = fonts;
			sourceTree = "<group>";
		};
		632FC3FEC3AFC3C1661A9C4A /* Frameworks */ = {
			isa = PBXGroup;
			children = (
				EE854616BEDDF09064D09BA5 /* Pods_Psyche.framework */,
			);
			name = Frameworks;
			sourceTree = "<group>";
		};
		EB6D03473893B8501298CBB1 /* Pods */ = {
			isa = PBXGroup;
			children = (
				86917CA57DC723F27B804306 /* Pods-Psyche.debug.xcconfig */,
				47E261C9C69D5AF064A576FC /* Pods-Psyche.release.xcconfig */,
			);
			name = Pods;
			sourceTree = "<group>";
		};
/* End PBXGroup section */

/* Begin PBXNativeTarget section */
		1788478D1FE255AD00916C4D /* Psyche */ = {
			isa = PBXNativeTarget;
			buildConfigurationList = 178847A01FE255AD00916C4D /* Build configuration list for PBXNativeTarget "Psyche" */;
			buildPhases = (
				944A21C06B9E40C6F14F2332 /* [CP] Check Pods Manifest.lock */,
				1788478A1FE255AD00916C4D /* Sources */,
				1788478B1FE255AD00916C4D /* Frameworks */,
				1788478C1FE255AD00916C4D /* Resources */,
				6F696B478EE14FF134DDF641 /* [CP] Embed Pods Frameworks */,
				92AAC2C4A23B779B71D86044 /* [CP] Copy Pods Resources */,
			);
			buildRules = (
			);
			dependencies = (
			);
			name = Psyche;
			productName = Psyche;
			productReference = 1788478E1FE255AD00916C4D /* Psyche.app */;
			productType = "com.apple.product-type.application";
		};
/* End PBXNativeTarget section */

/* Begin PBXProject section */
		178847861FE255AD00916C4D /* Project object */ = {
			isa = PBXProject;
			attributes = {
				LastSwiftUpdateCheck = 0920;
				LastUpgradeCheck = 0920;
				ORGANIZATIONNAME = ASU;
				TargetAttributes = {
					1788478D1FE255AD00916C4D = {
						CreatedOnToolsVersion = 9.2;
						LastSwiftMigration = 0920;
						ProvisioningStyle = Automatic;
					};
				};
			};
			buildConfigurationList = 178847891FE255AD00916C4D /* Build configuration list for PBXProject "Psyche" */;
			compatibilityVersion = "Xcode 8.0";
			developmentRegion = en;
			hasScannedForEncodings = 0;
			knownRegions = (
				en,
				Base,
			);
			mainGroup = 178847851FE255AD00916C4D;
			productRefGroup = 1788478F1FE255AD00916C4D /* Products */;
			projectDirPath = "";
			projectRoot = "";
			targets = (
				1788478D1FE255AD00916C4D /* Psyche */,
			);
		};
/* End PBXProject section */

/* Begin PBXResourcesBuildPhase section */
		1788478C1FE255AD00916C4D /* Resources */ = {
			isa = PBXResourcesBuildPhase;
			buildActionMask = 2147483647;
			files = (
				1788479C1FE255AD00916C4D /* LaunchScreen.storyboard in Resources */,
				42F8ADE92063154600809E0F /* RobotoMono-Regular.ttf in Resources */,
				178847991FE255AD00916C4D /* Assets.xcassets in Resources */,
				178847971FE255AD00916C4D /* Main.storyboard in Resources */,
				043E1F812033CB7F00455B26 /* output.gif in Resources */,
			);
			runOnlyForDeploymentPostprocessing = 0;
		};
/* End PBXResourcesBuildPhase section */

/* Begin PBXShellScriptBuildPhase section */
		6F696B478EE14FF134DDF641 /* [CP] Embed Pods Frameworks */ = {
			isa = PBXShellScriptBuildPhase;
			buildActionMask = 2147483647;
			files = (
			);
			inputPaths = (
				"${SRCROOT}/Pods/Target Support Files/Pods-Psyche/Pods-Psyche-frameworks.sh",
				"${BUILT_PRODUCTS_DIR}/AFNetworking/AFNetworking.framework",
				"${BUILT_PRODUCTS_DIR}/FLKAutoLayout/FLKAutoLayout.framework",
				"${BUILT_PRODUCTS_DIR}/FMMosaicLayout/FMMosaicLayout.framework",
				"${BUILT_PRODUCTS_DIR}/ORStackView/ORStackView.framework",
				"${BUILT_PRODUCTS_DIR}/SwiftyJSON/SwiftyJSON.framework",
			);
			name = "[CP] Embed Pods Frameworks";
			outputPaths = (
				"${TARGET_BUILD_DIR}/${FRAMEWORKS_FOLDER_PATH}/AFNetworking.framework",
				"${TARGET_BUILD_DIR}/${FRAMEWORKS_FOLDER_PATH}/FLKAutoLayout.framework",
				"${TARGET_BUILD_DIR}/${FRAMEWORKS_FOLDER_PATH}/FMMosaicLayout.framework",
				"${TARGET_BUILD_DIR}/${FRAMEWORKS_FOLDER_PATH}/ORStackView.framework",
				"${TARGET_BUILD_DIR}/${FRAMEWORKS_FOLDER_PATH}/SwiftyJSON.framework",
			);
			runOnlyForDeploymentPostprocessing = 0;
			shellPath = /bin/sh;
			shellScript = "\"${SRCROOT}/Pods/Target Support Files/Pods-Psyche/Pods-Psyche-frameworks.sh\"\n";
			showEnvVarsInLog = 0;
		};
		92AAC2C4A23B779B71D86044 /* [CP] Copy Pods Resources */ = {
			isa = PBXShellScriptBuildPhase;
			buildActionMask = 2147483647;
			files = (
			);
			inputPaths = (
			);
			name = "[CP] Copy Pods Resources";
			outputPaths = (
			);
			runOnlyForDeploymentPostprocessing = 0;
			shellPath = /bin/sh;
			shellScript = "\"${SRCROOT}/Pods/Target Support Files/Pods-Psyche/Pods-Psyche-resources.sh\"\n";
			showEnvVarsInLog = 0;
		};
		944A21C06B9E40C6F14F2332 /* [CP] Check Pods Manifest.lock */ = {
			isa = PBXShellScriptBuildPhase;
			buildActionMask = 2147483647;
			files = (
			);
			inputPaths = (
				"${PODS_PODFILE_DIR_PATH}/Podfile.lock",
				"${PODS_ROOT}/Manifest.lock",
			);
			name = "[CP] Check Pods Manifest.lock";
			outputPaths = (
				"$(DERIVED_FILE_DIR)/Pods-Psyche-checkManifestLockResult.txt",
			);
			runOnlyForDeploymentPostprocessing = 0;
			shellPath = /bin/sh;
			shellScript = "diff \"${PODS_PODFILE_DIR_PATH}/Podfile.lock\" \"${PODS_ROOT}/Manifest.lock\" > /dev/null\nif [ $? != 0 ] ; then\n    # print error to STDERR\n    echo \"error: The sandbox is not in sync with the Podfile.lock. Run 'pod install' or update your CocoaPods installation.\" >&2\n    exit 1\nfi\n# This output is used by Xcode 'outputs' to avoid re-running this script phase.\necho \"SUCCESS\" > \"${SCRIPT_OUTPUT_FILE_0}\"\n";
			showEnvVarsInLog = 0;
		};
/* End PBXShellScriptBuildPhase section */

/* Begin PBXSourcesBuildPhase section */
		1788478A1FE255AD00916C4D /* Sources */ = {
			isa = PBXSourcesBuildPhase;
			buildActionMask = 2147483647;
			files = (
				175B1B7B206C0E830046A81D /* TextContent.swift in Sources */,
				424B94DB20717C2300739FF1 /* TriviaInitViewController.swift in Sources */,
				041A92642063BD5A00E3EA92 /* data+entry.swift in Sources */,
				178847941FE255AD00916C4D /* BonusViewController.swift in Sources */,
				175B1B7D206C0E830046A81D /* TimelineItemTableViewCell.swift in Sources */,
				424B94DF2071950700739FF1 /* TriviaProfileViewController.swift in Sources */,
				0406D8A220357F780087D5BC /* UIViewExtensions.swift in Sources */,
				424B94DD2071933B00739FF1 /* TriviaExitViewController.swift in Sources */,
				175B1B7A206C0E830046A81D /* TimelineItem.swift in Sources */,
				178847921FE255AD00916C4D /* AppDelegate.swift in Sources */,
				17C34E42205A490B00712D00 /* LoadingViewController.swift in Sources */,
				175B1B7C206C0E830046A81D /* TimelineTableViewController.swift in Sources */,
				42164ECB206C24BC00E2BCD2 /* ModalViewController.swift in Sources */,
				178847A61FE25BDA00916C4D /* HomeViewController.swift in Sources */,
				043E1F8320343C4300455B26 /* swift+gif.swift in Sources */,
				170D74FC202396BD0026E232 /* GalleryViewController.swift in Sources */,
			);
			runOnlyForDeploymentPostprocessing = 0;
		};
/* End PBXSourcesBuildPhase section */

/* Begin PBXVariantGroup section */
		178847951FE255AD00916C4D /* Main.storyboard */ = {
			isa = PBXVariantGroup;
			children = (
				178847961FE255AD00916C4D /* Base */,
			);
			name = Main.storyboard;
			sourceTree = "<group>";
		};
		1788479A1FE255AD00916C4D /* LaunchScreen.storyboard */ = {
			isa = PBXVariantGroup;
			children = (
				1788479B1FE255AD00916C4D /* Base */,
			);
			name = LaunchScreen.storyboard;
			sourceTree = "<group>";
		};
/* End PBXVariantGroup section */

/* Begin XCBuildConfiguration section */
		1788479E1FE255AD00916C4D /* Debug */ = {
			isa = XCBuildConfiguration;
			buildSettings = {
				ALWAYS_SEARCH_USER_PATHS = NO;
				CLANG_ANALYZER_NONNULL = YES;
				CLANG_ANALYZER_NUMBER_OBJECT_CONVERSION = YES_AGGRESSIVE;
				CLANG_CXX_LANGUAGE_STANDARD = "gnu++14";
				CLANG_CXX_LIBRARY = "libc++";
				CLANG_ENABLE_MODULES = YES;
				CLANG_ENABLE_OBJC_ARC = YES;
				CLANG_WARN_BLOCK_CAPTURE_AUTORELEASING = YES;
				CLANG_WARN_BOOL_CONVERSION = YES;
				CLANG_WARN_COMMA = YES;
				CLANG_WARN_CONSTANT_CONVERSION = YES;
				CLANG_WARN_DIRECT_OBJC_ISA_USAGE = YES_ERROR;
				CLANG_WARN_DOCUMENTATION_COMMENTS = YES;
				CLANG_WARN_EMPTY_BODY = YES;
				CLANG_WARN_ENUM_CONVERSION = YES;
				CLANG_WARN_INFINITE_RECURSION = YES;
				CLANG_WARN_INT_CONVERSION = YES;
				CLANG_WARN_NON_LITERAL_NULL_CONVERSION = YES;
				CLANG_WARN_OBJC_LITERAL_CONVERSION = YES;
				CLANG_WARN_OBJC_ROOT_CLASS = YES_ERROR;
				CLANG_WARN_RANGE_LOOP_ANALYSIS = YES;
				CLANG_WARN_STRICT_PROTOTYPES = YES;
				CLANG_WARN_SUSPICIOUS_MOVE = YES;
				CLANG_WARN_UNGUARDED_AVAILABILITY = YES_AGGRESSIVE;
				CLANG_WARN_UNREACHABLE_CODE = YES;
				CLANG_WARN__DUPLICATE_METHOD_MATCH = YES;
				CODE_SIGN_IDENTITY = "iPhone Developer";
				COPY_PHASE_STRIP = NO;
				DEBUG_INFORMATION_FORMAT = dwarf;
				ENABLE_STRICT_OBJC_MSGSEND = YES;
				ENABLE_TESTABILITY = YES;
				GCC_C_LANGUAGE_STANDARD = gnu11;
				GCC_DYNAMIC_NO_PIC = NO;
				GCC_NO_COMMON_BLOCKS = YES;
				GCC_OPTIMIZATION_LEVEL = 0;
				GCC_PREPROCESSOR_DEFINITIONS = (
					"DEBUG=1",
					"$(inherited)",
				);
				GCC_WARN_64_TO_32_BIT_CONVERSION = YES;
				GCC_WARN_ABOUT_RETURN_TYPE = YES_ERROR;
				GCC_WARN_UNDECLARED_SELECTOR = YES;
				GCC_WARN_UNINITIALIZED_AUTOS = YES_AGGRESSIVE;
				GCC_WARN_UNUSED_FUNCTION = YES;
				GCC_WARN_UNUSED_VARIABLE = YES;
				IPHONEOS_DEPLOYMENT_TARGET = 11.2;
				MTL_ENABLE_DEBUG_INFO = YES;
				ONLY_ACTIVE_ARCH = YES;
				SDKROOT = iphoneos;
				SWIFT_ACTIVE_COMPILATION_CONDITIONS = DEBUG;
				SWIFT_OPTIMIZATION_LEVEL = "-Onone";
			};
			name = Debug;
		};
		1788479F1FE255AD00916C4D /* Release */ = {
			isa = XCBuildConfiguration;
			buildSettings = {
				ALWAYS_SEARCH_USER_PATHS = NO;
				CLANG_ANALYZER_NONNULL = YES;
				CLANG_ANALYZER_NUMBER_OBJECT_CONVERSION = YES_AGGRESSIVE;
				CLANG_CXX_LANGUAGE_STANDARD = "gnu++14";
				CLANG_CXX_LIBRARY = "libc++";
				CLANG_ENABLE_MODULES = YES;
				CLANG_ENABLE_OBJC_ARC = YES;
				CLANG_WARN_BLOCK_CAPTURE_AUTORELEASING = YES;
				CLANG_WARN_BOOL_CONVERSION = YES;
				CLANG_WARN_COMMA = YES;
				CLANG_WARN_CONSTANT_CONVERSION = YES;
				CLANG_WARN_DIRECT_OBJC_ISA_USAGE = YES_ERROR;
				CLANG_WARN_DOCUMENTATION_COMMENTS = YES;
				CLANG_WARN_EMPTY_BODY = YES;
				CLANG_WARN_ENUM_CONVERSION = YES;
				CLANG_WARN_INFINITE_RECURSION = YES;
				CLANG_WARN_INT_CONVERSION = YES;
				CLANG_WARN_NON_LITERAL_NULL_CONVERSION = YES;
				CLANG_WARN_OBJC_LITERAL_CONVERSION = YES;
				CLANG_WARN_OBJC_ROOT_CLASS = YES_ERROR;
				CLANG_WARN_RANGE_LOOP_ANALYSIS = YES;
				CLANG_WARN_STRICT_PROTOTYPES = YES;
				CLANG_WARN_SUSPICIOUS_MOVE = YES;
				CLANG_WARN_UNGUARDED_AVAILABILITY = YES_AGGRESSIVE;
				CLANG_WARN_UNREACHABLE_CODE = YES;
				CLANG_WARN__DUPLICATE_METHOD_MATCH = YES;
				CODE_SIGN_IDENTITY = "iPhone Developer";
				COPY_PHASE_STRIP = NO;
				DEBUG_INFORMATION_FORMAT = "dwarf-with-dsym";
				ENABLE_NS_ASSERTIONS = NO;
				ENABLE_STRICT_OBJC_MSGSEND = YES;
				GCC_C_LANGUAGE_STANDARD = gnu11;
				GCC_NO_COMMON_BLOCKS = YES;
				GCC_WARN_64_TO_32_BIT_CONVERSION = YES;
				GCC_WARN_ABOUT_RETURN_TYPE = YES_ERROR;
				GCC_WARN_UNDECLARED_SELECTOR = YES;
				GCC_WARN_UNINITIALIZED_AUTOS = YES_AGGRESSIVE;
				GCC_WARN_UNUSED_FUNCTION = YES;
				GCC_WARN_UNUSED_VARIABLE = YES;
				IPHONEOS_DEPLOYMENT_TARGET = 11.2;
				MTL_ENABLE_DEBUG_INFO = NO;
				SDKROOT = iphoneos;
				SWIFT_OPTIMIZATION_LEVEL = "-Owholemodule";
				VALIDATE_PRODUCT = YES;
			};
			name = Release;
		};
		178847A11FE255AD00916C4D /* Debug */ = {
			isa = XCBuildConfiguration;
			baseConfigurationReference = 86917CA57DC723F27B804306 /* Pods-Psyche.debug.xcconfig */;
			buildSettings = {
				ASSETCATALOG_COMPILER_APPICON_NAME = AppIcon;
				CLANG_ENABLE_MODULES = YES;
				CODE_SIGN_STYLE = Automatic;
				INFOPLIST_FILE = Psyche/Info.plist;
				LD_RUNPATH_SEARCH_PATHS = "$(inherited) @executable_path/Frameworks";
				PRODUCT_BUNDLE_IDENTIFIER = asu.Psyche;
				PRODUCT_NAME = "$(TARGET_NAME)";
				SWIFT_OPTIMIZATION_LEVEL = "-Onone";
				SWIFT_VERSION = 4.0;
				TARGETED_DEVICE_FAMILY = "1,2";
			};
			name = Debug;
		};
		178847A21FE255AD00916C4D /* Release */ = {
			isa = XCBuildConfiguration;
			baseConfigurationReference = 47E261C9C69D5AF064A576FC /* Pods-Psyche.release.xcconfig */;
			buildSettings = {
				ASSETCATALOG_COMPILER_APPICON_NAME = AppIcon;
				CLANG_ENABLE_MODULES = YES;
				CODE_SIGN_STYLE = Automatic;
				INFOPLIST_FILE = Psyche/Info.plist;
				LD_RUNPATH_SEARCH_PATHS = "$(inherited) @executable_path/Frameworks";
				PRODUCT_BUNDLE_IDENTIFIER = asu.Psyche;
				PRODUCT_NAME = "$(TARGET_NAME)";
				SWIFT_VERSION = 4.0;
				TARGETED_DEVICE_FAMILY = "1,2";
			};
			name = Release;
		};
/* End XCBuildConfiguration section */

/* Begin XCConfigurationList section */
		178847891FE255AD00916C4D /* Build configuration list for PBXProject "Psyche" */ = {
			isa = XCConfigurationList;
			buildConfigurations = (
				1788479E1FE255AD00916C4D /* Debug */,
				1788479F1FE255AD00916C4D /* Release */,
			);
			defaultConfigurationIsVisible = 0;
			defaultConfigurationName = Release;
		};
		178847A01FE255AD00916C4D /* Build configuration list for PBXNativeTarget "Psyche" */ = {
			isa = XCConfigurationList;
			buildConfigurations = (
				178847A11FE255AD00916C4D /* Debug */,
				178847A21FE255AD00916C4D /* Release */,
			);
			defaultConfigurationIsVisible = 0;
			defaultConfigurationName = Release;
		};
/* End XCConfigurationList section */
	};
	rootObject = 178847861FE255AD00916C4D /* Project object */;
}
